
Microsoft Visual Studio Solution File, Format Version 12.00
# Visual Studio Version 16
VisualStudioVersion = 16.0.30413.136
MinimumVisualStudioVersion = 10.0.40219.1
Project("{FAE04EC0-301F-11D3-BF4B-00C04F79EFBC}") = "CAI_Ejercicio2", "CAI_Ejercicio2.csproj", "{B19050F3-5CA2-422B-B3CE-0450C02D7A0C}"
EndProject
Global
	GlobalSection(SolutionConfigurationPlatforms) = preSolution
		Debug|Any CPU = Debug|Any CPU
		Release|Any CPU = Release|Any CPU
	EndGlobalSection
	GlobalSection(ProjectConfigurationPlatforms) = postSolution
		{B19050F3-5CA2-422B-B3CE-0450C02D7A0C}.Debug|Any CPU.ActiveCfg = Debug|Any CPU
		{B19050F3-5CA2-422B-B3CE-0450C02D7A0C}.Debug|Any CPU.Build.0 = Debug|Any CPU
		{B19050F3-5CA2-422B-B3CE-0450C02D7A0C}.Release|Any CPU.ActiveCfg = Release|Any CPU
		{B19050F3-5CA2-422B-B3CE-0450C02D7A0C}.Release|Any CPU.Build.0 = Release|Any CPU
	EndGlobalSection
	GlobalSection(SolutionProperties) = preSolution
		HideSolutionNode = FALSE
	EndGlobalSection
	GlobalSection(ExtensibilityGlobals) = postSolution
		SolutionGuid = {CC79EDFA-6F0F-4321-BFEA-BAB7A226A9F9}
	EndGlobalSection
EndGlobal
